
Microsoft Visual Studio Solution File, Format Version 12.00
# Visual Studio Version 17
VisualStudioVersion = 17.7.34009.444
MinimumVisualStudioVersion = 10.0.40219.1
Project("{FAE04EC0-301F-11D3-BF4B-00C04F79EFBC}") = "BasicAuthExample", "BasicAuthExample.csproj", "{30BAE879-C799-4D96-9069-35BD7CA4B1FE}"
EndProject
Global
	GlobalSection(SolutionConfigurationPlatforms) = preSolution
		Debug|Any CPU = Debug|Any CPU
		Release|Any CPU = Release|Any CPU
	EndGlobalSection
	GlobalSection(ProjectConfigurationPlatforms) = postSolution
		{30BAE879-C799-4D96-9069-35BD7CA4B1FE}.Debug|Any CPU.ActiveCfg = Debug|Any CPU
		{30BAE879-C799-4D96-9069-35BD7CA4B1FE}.Debug|Any CPU.Build.0 = Debug|Any CPU
		{30BAE879-C799-4D96-9069-35BD7CA4B1FE}.Release|Any CPU.ActiveCfg = Release|Any CPU
		{30BAE879-C799-4D96-9069-35BD7CA4B1FE}.Release|Any CPU.Build.0 = Release|Any CPU
	EndGlobalSection
	GlobalSection(SolutionProperties) = preSolution
		HideSolutionNode = FALSE
	EndGlobalSection
	GlobalSection(ExtensibilityGlobals) = postSolution
		SolutionGuid = {4A676A5B-08E6-4679-A602-D1C74846F307}
	EndGlobalSection
EndGlobal
